
Microsoft Visual Studio Solution File, Format Version 12.00
# Visual Studio Version 17
VisualStudioVersion = 17.6.33606.364
MinimumVisualStudioVersion = 10.0.40219.1
Project("{FAE04EC0-301F-11D3-BF4B-00C04F79EFBC}") = "HalloWinForms", "HalloWinForms\HalloWinForms.csproj", "{540E80F1-055F-4F67-A7F4-89EBE76FBBC7}"
EndProject
Global
	GlobalSection(SolutionConfigurationPlatforms) = preSolution
		Debug|Any CPU = Debug|Any CPU
		Release|Any CPU = Release|Any CPU
	EndGlobalSection
	GlobalSection(ProjectConfigurationPlatforms) = postSolution
		{540E80F1-055F-4F67-A7F4-89EBE76FBBC7}.Debug|Any CPU.ActiveCfg = Debug|Any CPU
		{540E80F1-055F-4F67-A7F4-89EBE76FBBC7}.Debug|Any CPU.Build.0 = Debug|Any CPU
		{540E80F1-055F-4F67-A7F4-89EBE76FBBC7}.Release|Any CPU.ActiveCfg = Release|Any CPU
		{540E80F1-055F-4F67-A7F4-89EBE76FBBC7}.Release|Any CPU.Build.0 = Release|Any CPU
	EndGlobalSection
	GlobalSection(SolutionProperties) = preSolution
		HideSolutionNode = FALSE
	EndGlobalSection
	GlobalSection(ExtensibilityGlobals) = postSolution
		SolutionGuid = {B654AF65-B5D5-4E96-AFC4-2E9B2EA10385}
	EndGlobalSection
EndGlobal
